
Microsoft Visual Studio Solution File, Format Version 12.00
# Visual Studio Version 17
VisualStudioVersion = 17.4.33403.182
MinimumVisualStudioVersion = 10.0.40219.1
Project("{FAE04EC0-301F-11D3-BF4B-00C04F79EFBC}") = "Exception", "Exception\Exception.csproj", "{7A70B6FE-8D6A-42B2-B30F-CBD6E8B04045}"
EndProject
Global
	GlobalSection(SolutionConfigurationPlatforms) = preSolution
		Debug|Any CPU = Debug|Any CPU
		Release|Any CPU = Release|Any CPU
	EndGlobalSection
	GlobalSection(ProjectConfigurationPlatforms) = postSolution
		{7A70B6FE-8D6A-42B2-B30F-CBD6E8B04045}.Debug|Any CPU.ActiveCfg = Debug|Any CPU
		{7A70B6FE-8D6A-42B2-B30F-CBD6E8B04045}.Debug|Any CPU.Build.0 = Debug|Any CPU
		{7A70B6FE-8D6A-42B2-B30F-CBD6E8B04045}.Release|Any CPU.ActiveCfg = Release|Any CPU
		{7A70B6FE-8D6A-42B2-B30F-CBD6E8B04045}.Release|Any CPU.Build.0 = Release|Any CPU
	EndGlobalSection
	GlobalSection(SolutionProperties) = preSolution
		HideSolutionNode = FALSE
	EndGlobalSection
	GlobalSection(ExtensibilityGlobals) = postSolution
		SolutionGuid = {D6133FD1-9142-48BA-8F87-081A879AB60B}
	EndGlobalSection
EndGlobal
